
Microsoft Visual Studio Solution File, Format Version 12.00
# Visual Studio Version 17
VisualStudioVersion = 17.6.33815.320
MinimumVisualStudioVersion = 10.0.40219.1
Project("{FAE04EC0-301F-11D3-BF4B-00C04F79EFBC}") = "Lesson_01Ex2ConsoleApp2", "Lesson_01Ex2ConsoleApp2\Lesson_01Ex2ConsoleApp2.csproj", "{BE57E4D9-D5D4-41D0-971B-85E143D8F6ED}"
EndProject
Global
	GlobalSection(SolutionConfigurationPlatforms) = preSolution
		Debug|Any CPU = Debug|Any CPU
		Release|Any CPU = Release|Any CPU
	EndGlobalSection
	GlobalSection(ProjectConfigurationPlatforms) = postSolution
		{BE57E4D9-D5D4-41D0-971B-85E143D8F6ED}.Debug|Any CPU.ActiveCfg = Debug|Any CPU
		{BE57E4D9-D5D4-41D0-971B-85E143D8F6ED}.Debug|Any CPU.Build.0 = Debug|Any CPU
		{BE57E4D9-D5D4-41D0-971B-85E143D8F6ED}.Release|Any CPU.ActiveCfg = Release|Any CPU
		{BE57E4D9-D5D4-41D0-971B-85E143D8F6ED}.Release|Any CPU.Build.0 = Release|Any CPU
	EndGlobalSection
	GlobalSection(SolutionProperties) = preSolution
		HideSolutionNode = FALSE
	EndGlobalSection
	GlobalSection(ExtensibilityGlobals) = postSolution
		SolutionGuid = {EFBFE082-E711-44E1-9607-145B7D1CC7C6}
	EndGlobalSection
EndGlobal
